
Microsoft Visual Studio Solution File, Format Version 12.00
# Visual Studio Version 17
VisualStudioVersion = 17.6.33815.320
MinimumVisualStudioVersion = 10.0.40219.1
Project("{FAE04EC0-301F-11D3-BF4B-00C04F79EFBC}") = "MyfirstProject", "MyfirstProject\MyfirstProject.csproj", "{7BEC7994-A64E-4E87-A7B0-AAE058A08830}"
EndProject
Project("{2150E333-8FDC-42A3-9474-1A3956D46DE8}") = "Solution Items", "Solution Items", "{4D2CF1E0-A468-4F90-B09F-50AC9373F05E}"
EndProject
Project("{FAE04EC0-301F-11D3-BF4B-00C04F79EFBC}") = "Datatypes", "Datatypes\Datatypes.csproj", "{4D63A12E-1DE1-459D-B1D7-88365D49DFFC}"
EndProject
Project("{FAE04EC0-301F-11D3-BF4B-00C04F79EFBC}") = "Operator", "Operator\Operator.csproj", "{79C48B03-530C-4F3C-844F-8B6C88036578}"
EndProject
Project("{FAE04EC0-301F-11D3-BF4B-00C04F79EFBC}") = "varConst", "varConst\varConst.csproj", "{87D8A796-5A50-4AD7-A8D9-7E4F0C6D02C3}"
EndProject
Project("{FAE04EC0-301F-11D3-BF4B-00C04F79EFBC}") = "Execise1", "Execise1\Execise1.csproj", "{A8CCD5EC-137A-40ED-A8F8-83E02EBAE30A}"
EndProject
Project("{FAE04EC0-301F-11D3-BF4B-00C04F79EFBC}") = "OddEvenChecker", "OddEvenChecker\OddEvenChecker.csproj", "{FEF88C00-B7BA-496F-80EC-568D95A4F888}"
EndProject
Project("{FAE04EC0-301F-11D3-BF4B-00C04F79EFBC}") = "ConsoleInputOutput", "ConsoleInputOutput\ConsoleInputOutput.csproj", "{47F974A6-D425-4E82-8B07-0E44501ED537}"
EndProject
Project("{FAE04EC0-301F-11D3-BF4B-00C04F79EFBC}") = "IfStatement", "IfStatement\IfStatement.csproj", "{6ECC3EEE-C03D-48E6-B650-9BD67C7F13D7}"
EndProject
Project("{FAE04EC0-301F-11D3-BF4B-00C04F79EFBC}") = "SwitchCase", "SwitchCase\SwitchCase.csproj", "{7631E44F-B354-4852-AA6A-769D6217B047}"
EndProject
Project("{FAE04EC0-301F-11D3-BF4B-00C04F79EFBC}") = "Forloop", "Forloop\Forloop.csproj", "{8607E8CC-36C3-4801-AD6D-7FB9B7C7DAAE}"
EndProject
Project("{FAE04EC0-301F-11D3-BF4B-00C04F79EFBC}") = "Whileloop", "Whileloop\Whileloop.csproj", "{1D6F4E3D-264B-42D9-AEAA-F6D9B8D74727}"
EndProject
Project("{FAE04EC0-301F-11D3-BF4B-00C04F79EFBC}") = "DowhileLoop", "DowhileLoop\DowhileLoop.csproj", "{DAE6FF2A-054B-4694-B4AA-F0356D63EE61}"
EndProject
Project("{FAE04EC0-301F-11D3-BF4B-00C04F79EFBC}") = "TryParse", "TryParse\TryParse.csproj", "{1B786901-8517-4101-8867-E0668CA43F65}"
EndProject
Project("{FAE04EC0-301F-11D3-BF4B-00C04F79EFBC}") = "TimeTable", "TimeTable\TimeTable.csproj", "{65C13964-29ED-43B2-8011-D63FC14FF314}"
EndProject
Project("{FAE04EC0-301F-11D3-BF4B-00C04F79EFBC}") = "FizzbuzzGame", "FizzbuzzGame\FizzbuzzGame.csproj", "{B51B1F68-72A8-4A16-A400-D8D45A0AE774}"
EndProject
Project("{FAE04EC0-301F-11D3-BF4B-00C04F79EFBC}") = "PassChecker", "PassChecker\PassChecker.csproj", "{BA5A73C1-1D41-4874-A6C9-A1E6C652B14B}"
EndProject
Project("{FAE04EC0-301F-11D3-BF4B-00C04F79EFBC}") = "Arrays", "Arrays\Arrays.csproj", "{25E7EC99-8996-417B-91E8-95EDDE53DBE3}"
EndProject
Project("{FAE04EC0-301F-11D3-BF4B-00C04F79EFBC}") = "ArraySorting", "ArraySorting\ArraySorting.csproj", "{C8442EAD-EF0C-4D5F-A546-FB7A7CF3C4F8}"
EndProject
Project("{FAE04EC0-301F-11D3-BF4B-00C04F79EFBC}") = "Lists", "Lists\Lists.csproj", "{710DE78F-4D14-48C4-B602-CC3AAFA64F6E}"
EndProject
Project("{FAE04EC0-301F-11D3-BF4B-00C04F79EFBC}") = "Dictionay", "Dictionay\Dictionay.csproj", "{335D65E3-1F58-4751-84E5-D23265CE1EEA}"
EndProject
Project("{FAE04EC0-301F-11D3-BF4B-00C04F79EFBC}") = "OddEvenNumberSplit", "OddEvenNumberSplit\OddEvenNumberSplit.csproj", "{A6DEA978-C895-4C77-93AE-0F999C168422}"
EndProject
Project("{FAE04EC0-301F-11D3-BF4B-00C04F79EFBC}") = "ArrayofMultiples", "ArrayofMultiples\ArrayofMultiples.csproj", "{19A6F5FA-9494-4628-8937-1FB277D10766}"
EndProject
Project("{FAE04EC0-301F-11D3-BF4B-00C04F79EFBC}") = "VoidFunctions", "VoidFunctions\VoidFunctions.csproj", "{242142E8-B792-49E0-BB8B-B140D8CD9AE5}"
EndProject
Project("{FAE04EC0-301F-11D3-BF4B-00C04F79EFBC}") = "FunctionTraingleArea", "FunctionTraingleArea\FunctionTraingleArea.csproj", "{956A0A31-9469-4E2B-9B44-8B32E4084F0C}"
EndProject
Project("{FAE04EC0-301F-11D3-BF4B-00C04F79EFBC}") = "SumIntArray", "SumIntArray\SumIntArray.csproj", "{008E1638-C951-4C17-A407-9874DF949FBF}"
EndProject
Project("{FAE04EC0-301F-11D3-BF4B-00C04F79EFBC}") = "TryCatch", "TryCatch\TryCatch.csproj", "{A69F132C-C2FA-48E7-8BB9-8E69D1B52E8A}"
EndProject
Project("{FAE04EC0-301F-11D3-BF4B-00C04F79EFBC}") = "CustomTryParse", "CustomTryParse\CustomTryParse.csproj", "{A4C0BBFB-CD27-4A0F-9A5C-7FD551463128}"
EndProject
Project("{FAE04EC0-301F-11D3-BF4B-00C04F79EFBC}") = "Structures", "Structures\Structures.csproj", "{8267CB5B-56A3-4717-9606-467FC8284F7C}"
EndProject
Global
	GlobalSection(SolutionConfigurationPlatforms) = preSolution
		Debug|Any CPU = Debug|Any CPU
		Release|Any CPU = Release|Any CPU
	EndGlobalSection
	GlobalSection(ProjectConfigurationPlatforms) = postSolution
		{7BEC7994-A64E-4E87-A7B0-AAE058A08830}.Debug|Any CPU.ActiveCfg = Debug|Any CPU
		{7BEC7994-A64E-4E87-A7B0-AAE058A08830}.Debug|Any CPU.Build.0 = Debug|Any CPU
		{7BEC7994-A64E-4E87-A7B0-AAE058A08830}.Release|Any CPU.ActiveCfg = Release|Any CPU
		{7BEC7994-A64E-4E87-A7B0-AAE058A08830}.Release|Any CPU.Build.0 = Release|Any CPU
		{4D63A12E-1DE1-459D-B1D7-88365D49DFFC}.Debug|Any CPU.ActiveCfg = Debug|Any CPU
		{4D63A12E-1DE1-459D-B1D7-88365D49DFFC}.Debug|Any CPU.Build.0 = Debug|Any CPU
		{4D63A12E-1DE1-459D-B1D7-88365D49DFFC}.Release|Any CPU.ActiveCfg = Release|Any CPU
		{4D63A12E-1DE1-459D-B1D7-88365D49DFFC}.Release|Any CPU.Build.0 = Release|Any CPU
		{79C48B03-530C-4F3C-844F-8B6C88036578}.Debug|Any CPU.ActiveCfg = Debug|Any CPU
		{79C48B03-530C-4F3C-844F-8B6C88036578}.Debug|Any CPU.Build.0 = Debug|Any CPU
		{79C48B03-530C-4F3C-844F-8B6C88036578}.Release|Any CPU.ActiveCfg = Release|Any CPU
		{79C48B03-530C-4F3C-844F-8B6C88036578}.Release|Any CPU.Build.0 = Release|Any CPU
		{87D8A796-5A50-4AD7-A8D9-7E4F0C6D02C3}.Debug|Any CPU.ActiveCfg = Debug|Any CPU
		{87D8A796-5A50-4AD7-A8D9-7E4F0C6D02C3}.Debug|Any CPU.Build.0 = Debug|Any CPU
		{87D8A796-5A50-4AD7-A8D9-7E4F0C6D02C3}.Release|Any CPU.ActiveCfg = Release|Any CPU
		{87D8A796-5A50-4AD7-A8D9-7E4F0C6D02C3}.Release|Any CPU.Build.0 = Release|Any CPU
		{A8CCD5EC-137A-40ED-A8F8-83E02EBAE30A}.Debug|Any CPU.ActiveCfg = Debug|Any CPU
		{A8CCD5EC-137A-40ED-A8F8-83E02EBAE30A}.Debug|Any CPU.Build.0 = Debug|Any CPU
		{A8CCD5EC-137A-40ED-A8F8-83E02EBAE30A}.Release|Any CPU.ActiveCfg = Release|Any CPU
		{A8CCD5EC-137A-40ED-A8F8-83E02EBAE30A}.Release|Any CPU.Build.0 = Release|Any CPU
		{FEF88C00-B7BA-496F-80EC-568D95A4F888}.Debug|Any CPU.ActiveCfg = Debug|Any CPU
		{FEF88C00-B7BA-496F-80EC-568D95A4F888}.Debug|Any CPU.Build.0 = Debug|Any CPU
		{FEF88C00-B7BA-496F-80EC-568D95A4F888}.Release|Any CPU.ActiveCfg = Release|Any CPU
		{FEF88C00-B7BA-496F-80EC-568D95A4F888}.Release|Any CPU.Build.0 = Release|Any CPU
		{47F974A6-D425-4E82-8B07-0E44501ED537}.Debug|Any CPU.ActiveCfg = Debug|Any CPU
		{47F974A6-D425-4E82-8B07-0E44501ED537}.Debug|Any CPU.Build.0 = Debug|Any CPU
		{47F974A6-D425-4E82-8B07-0E44501ED537}.Release|Any CPU.ActiveCfg = Release|Any CPU
		{47F974A6-D425-4E82-8B07-0E44501ED537}.Release|Any CPU.Build.0 = Release|Any CPU
		{6ECC3EEE-C03D-48E6-B650-9BD67C7F13D7}.Debug|Any CPU.ActiveCfg = Debug|Any CPU
		{6ECC3EEE-C03D-48E6-B650-9BD67C7F13D7}.Debug|Any CPU.Build.0 = Debug|Any CPU
		{6ECC3EEE-C03D-48E6-B650-9BD67C7F13D7}.Release|Any CPU.ActiveCfg = Release|Any CPU
		{6ECC3EEE-C03D-48E6-B650-9BD67C7F13D7}.Release|Any CPU.Build.0 = Release|Any CPU
		{7631E44F-B354-4852-AA6A-769D6217B047}.Debug|Any CPU.ActiveCfg = Debug|Any CPU
		{7631E44F-B354-4852-AA6A-769D6217B047}.Debug|Any CPU.Build.0 = Debug|Any CPU
		{7631E44F-B354-4852-AA6A-769D6217B047}.Release|Any CPU.ActiveCfg = Release|Any CPU
		{7631E44F-B354-4852-AA6A-769D6217B047}.Release|Any CPU.Build.0 = Release|Any CPU
		{8607E8CC-36C3-4801-AD6D-7FB9B7C7DAAE}.Debug|Any CPU.ActiveCfg = Debug|Any CPU
		{8607E8CC-36C3-4801-AD6D-7FB9B7C7DAAE}.Debug|Any CPU.Build.0 = Debug|Any CPU
		{8607E8CC-36C3-4801-AD6D-7FB9B7C7DAAE}.Release|Any CPU.ActiveCfg = Release|Any CPU
		{8607E8CC-36C3-4801-AD6D-7FB9B7C7DAAE}.Release|Any CPU.Build.0 = Release|Any CPU
		{1D6F4E3D-264B-42D9-AEAA-F6D9B8D74727}.Debug|Any CPU.ActiveCfg = Debug|Any CPU
		{1D6F4E3D-264B-42D9-AEAA-F6D9B8D74727}.Debug|Any CPU.Build.0 = Debug|Any CPU
		{1D6F4E3D-264B-42D9-AEAA-F6D9B8D74727}.Release|Any CPU.ActiveCfg = Release|Any CPU
		{1D6F4E3D-264B-42D9-AEAA-F6D9B8D74727}.Release|Any CPU.Build.0 = Release|Any CPU
		{DAE6FF2A-054B-4694-B4AA-F0356D63EE61}.Debug|Any CPU.ActiveCfg = Debug|Any CPU
		{DAE6FF2A-054B-4694-B4AA-F0356D63EE61}.Debug|Any CPU.Build.0 = Debug|Any CPU
		{DAE6FF2A-054B-4694-B4AA-F0356D63EE61}.Release|Any CPU.ActiveCfg = Release|Any CPU
		{DAE6FF2A-054B-4694-B4AA-F0356D63EE61}.Release|Any CPU.Build.0 = Release|Any CPU
		{1B786901-8517-4101-8867-E0668CA43F65}.Debug|Any CPU.ActiveCfg = Debug|Any CPU
		{1B786901-8517-4101-8867-E0668CA43F65}.Debug|Any CPU.Build.0 = Debug|Any CPU
		{1B786901-8517-4101-8867-E0668CA43F65}.Release|Any CPU.ActiveCfg = Release|Any CPU
		{1B786901-8517-4101-8867-E0668CA43F65}.Release|Any CPU.Build.0 = Release|Any CPU
		{65C13964-29ED-43B2-8011-D63FC14FF314}.Debug|Any CPU.ActiveCfg = Debug|Any CPU
		{65C13964-29ED-43B2-8011-D63FC14FF314}.Debug|Any CPU.Build.0 = Debug|Any CPU
		{65C13964-29ED-43B2-8011-D63FC14FF314}.Release|Any CPU.ActiveCfg = Release|Any CPU
		{65C13964-29ED-43B2-8011-D63FC14FF314}.Release|Any CPU.Build.0 = Release|Any CPU
		{B51B1F68-72A8-4A16-A400-D8D45A0AE774}.Debug|Any CPU.ActiveCfg = Debug|Any CPU
		{B51B1F68-72A8-4A16-A400-D8D45A0AE774}.Debug|Any CPU.Build.0 = Debug|Any CPU
		{B51B1F68-72A8-4A16-A400-D8D45A0AE774}.Release|Any CPU.ActiveCfg = Release|Any CPU
		{B51B1F68-72A8-4A16-A400-D8D45A0AE774}.Release|Any CPU.Build.0 = Release|Any CPU
		{BA5A73C1-1D41-4874-A6C9-A1E6C652B14B}.Debug|Any CPU.ActiveCfg = Debug|Any CPU
		{BA5A73C1-1D41-4874-A6C9-A1E6C652B14B}.Debug|Any CPU.Build.0 = Debug|Any CPU
		{BA5A73C1-1D41-4874-A6C9-A1E6C652B14B}.Release|Any CPU.ActiveCfg = Release|Any CPU
		{BA5A73C1-1D41-4874-A6C9-A1E6C652B14B}.Release|Any CPU.Build.0 = Release|Any CPU
		{25E7EC99-8996-417B-91E8-95EDDE53DBE3}.Debug|Any CPU.ActiveCfg = Debug|Any CPU
		{25E7EC99-8996-417B-91E8-95EDDE53DBE3}.Debug|Any CPU.Build.0 = Debug|Any CPU
		{25E7EC99-8996-417B-91E8-95EDDE53DBE3}.Release|Any CPU.ActiveCfg = Release|Any CPU
		{25E7EC99-8996-417B-91E8-95EDDE53DBE3}.Release|Any CPU.Build.0 = Release|Any CPU
		{C8442EAD-EF0C-4D5F-A546-FB7A7CF3C4F8}.Debug|Any CPU.ActiveCfg = Debug|Any CPU
		{C8442EAD-EF0C-4D5F-A546-FB7A7CF3C4F8}.Debug|Any CPU.Build.0 = Debug|Any CPU
		{C8442EAD-EF0C-4D5F-A546-FB7A7CF3C4F8}.Release|Any CPU.ActiveCfg = Release|Any CPU
		{C8442EAD-EF0C-4D5F-A546-FB7A7CF3C4F8}.Release|Any CPU.Build.0 = Release|Any CPU
		{710DE78F-4D14-48C4-B602-CC3AAFA64F6E}.Debug|Any CPU.ActiveCfg = Debug|Any CPU
		{710DE78F-4D14-48C4-B602-CC3AAFA64F6E}.Debug|Any CPU.Build.0 = Debug|Any CPU
		{710DE78F-4D14-48C4-B602-CC3AAFA64F6E}.Release|Any CPU.ActiveCfg = Release|Any CPU
		{710DE78F-4D14-48C4-B602-CC3AAFA64F6E}.Release|Any CPU.Build.0 = Release|Any CPU
		{335D65E3-1F58-4751-84E5-D23265CE1EEA}.Debug|Any CPU.ActiveCfg = Debug|Any CPU
		{335D65E3-1F58-4751-84E5-D23265CE1EEA}.Debug|Any CPU.Build.0 = Debug|Any CPU
		{335D65E3-1F58-4751-84E5-D23265CE1EEA}.Release|Any CPU.ActiveCfg = Release|Any CPU
		{335D65E3-1F58-4751-84E5-D23265CE1EEA}.Release|Any CPU.Build.0 = Release|Any CPU
		{A6DEA978-C895-4C77-93AE-0F999C168422}.Debug|Any CPU.ActiveCfg = Debug|Any CPU
		{A6DEA978-C895-4C77-93AE-0F999C168422}.Debug|Any CPU.Build.0 = Debug|Any CPU
		{A6DEA978-C895-4C77-93AE-0F999C168422}.Release|Any CPU.ActiveCfg = Release|Any CPU
		{A6DEA978-C895-4C77-93AE-0F999C168422}.Release|Any CPU.Build.0 = Release|Any CPU
		{19A6F5FA-9494-4628-8937-1FB277D10766}.Debug|Any CPU.ActiveCfg = Debug|Any CPU
		{19A6F5FA-9494-4628-8937-1FB277D10766}.Debug|Any CPU.Build.0 = Debug|Any CPU
		{19A6F5FA-9494-4628-8937-1FB277D10766}.Release|Any CPU.ActiveCfg = Release|Any CPU
		{19A6F5FA-9494-4628-8937-1FB277D10766}.Release|Any CPU.Build.0 = Release|Any CPU
		{242142E8-B792-49E0-BB8B-B140D8CD9AE5}.Debug|Any CPU.ActiveCfg = Debug|Any CPU
		{242142E8-B792-49E0-BB8B-B140D8CD9AE5}.Debug|Any CPU.Build.0 = Debug|Any CPU
		{242142E8-B792-49E0-BB8B-B140D8CD9AE5}.Release|Any CPU.ActiveCfg = Release|Any CPU
		{242142E8-B792-49E0-BB8B-B140D8CD9AE5}.Release|Any CPU.Build.0 = Release|Any CPU
		{956A0A31-9469-4E2B-9B44-8B32E4084F0C}.Debug|Any CPU.ActiveCfg = Debug|Any CPU
		{956A0A31-9469-4E2B-9B44-8B32E4084F0C}.Debug|Any CPU.Build.0 = Debug|Any CPU
		{956A0A31-9469-4E2B-9B44-8B32E4084F0C}.Release|Any CPU.ActiveCfg = Release|Any CPU
		{956A0A31-9469-4E2B-9B44-8B32E4084F0C}.Release|Any CPU.Build.0 = Release|Any CPU
		{008E1638-C951-4C17-A407-9874DF949FBF}.Debug|Any CPU.ActiveCfg = Debug|Any CPU
		{008E1638-C951-4C17-A407-9874DF949FBF}.Debug|Any CPU.Build.0 = Debug|Any CPU
		{008E1638-C951-4C17-A407-9874DF949FBF}.Release|Any CPU.ActiveCfg = Release|Any CPU
		{008E1638-C951-4C17-A407-9874DF949FBF}.Release|Any CPU.Build.0 = Release|Any CPU
		{A69F132C-C2FA-48E7-8BB9-8E69D1B52E8A}.Debug|Any CPU.ActiveCfg = Debug|Any CPU
		{A69F132C-C2FA-48E7-8BB9-8E69D1B52E8A}.Debug|Any CPU.Build.0 = Debug|Any CPU
		{A69F132C-C2FA-48E7-8BB9-8E69D1B52E8A}.Release|Any CPU.ActiveCfg = Release|Any CPU
		{A69F132C-C2FA-48E7-8BB9-8E69D1B52E8A}.Release|Any CPU.Build.0 = Release|Any CPU
		{A4C0BBFB-CD27-4A0F-9A5C-7FD551463128}.Debug|Any CPU.ActiveCfg = Debug|Any CPU
		{A4C0BBFB-CD27-4A0F-9A5C-7FD551463128}.Debug|Any CPU.Build.0 = Debug|Any CPU
		{A4C0BBFB-CD27-4A0F-9A5C-7FD551463128}.Release|Any CPU.ActiveCfg = Release|Any CPU
		{A4C0BBFB-CD27-4A0F-9A5C-7FD551463128}.Release|Any CPU.Build.0 = Release|Any CPU
		{8267CB5B-56A3-4717-9606-467FC8284F7C}.Debug|Any CPU.ActiveCfg = Debug|Any CPU
		{8267CB5B-56A3-4717-9606-467FC8284F7C}.Debug|Any CPU.Build.0 = Debug|Any CPU
		{8267CB5B-56A3-4717-9606-467FC8284F7C}.Release|Any CPU.ActiveCfg = Release|Any CPU
		{8267CB5B-56A3-4717-9606-467FC8284F7C}.Release|Any CPU.Build.0 = Release|Any CPU
	EndGlobalSection
	GlobalSection(SolutionProperties) = preSolution
		HideSolutionNode = FALSE
	EndGlobalSection
	GlobalSection(ExtensibilityGlobals) = postSolution
		SolutionGuid = {1B3445FC-C05B-4F7A-9282-AB0239B3900A}
	EndGlobalSection
EndGlobal
